// !$*UTF8*$!
{
	archiveVersion = 1;
	classes = {
	};
	objectVersion = 50;
	objects = {

/* Begin PBXBuildFile section */
		1B0399F824D1052F0051A66B /* BaseViewController.swift in Sources */ = {isa = PBXBuildFile; fileRef = 1B0399F724D1052F0051A66B /* BaseViewController.swift */; };
		1B0399FB24D107F60051A66B /* Extension.swift in Sources */ = {isa = PBXBuildFile; fileRef = 1B0399FA24D107F60051A66B /* Extension.swift */; };
		1B0399FE24D8EFB50051A66B /* MenuHeaderView.swift in Sources */ = {isa = PBXBuildFile; fileRef = 1B0399FD24D8EFB40051A66B /* MenuHeaderView.swift */; };
		1B039A0024D8F6320051A66B /* SpacerView.swift in Sources */ = {isa = PBXBuildFile; fileRef = 1B0399FF24D8F6320051A66B /* SpacerView.swift */; };
		1B039A0224DA41000051A66B /* ProfileImageView.swift in Sources */ = {isa = PBXBuildFile; fileRef = 1B039A0124DA41000051A66B /* ProfileImageView.swift */; };
		1B425E6024C7FA0000D9454D /* MenuViewController.swift in Sources */ = {isa = PBXBuildFile; fileRef = 1B425E5F24C7FA0000D9454D /* MenuViewController.swift */; };
		1B51ACCD24E236A50009366F /* MenuItemCell.swift in Sources */ = {isa = PBXBuildFile; fileRef = 1B51ACCC24E236A50009366F /* MenuItemCell.swift */; };
		1B66F41D24E3918E00393E1D /* ListViewController.swift in Sources */ = {isa = PBXBuildFile; fileRef = 1B66F41C24E3918E00393E1D /* ListViewController.swift */; };
		1B66F41F24E4CE7800393E1D /* BookmarkViewController.swift in Sources */ = {isa = PBXBuildFile; fileRef = 1B66F41E24E4CE7800393E1D /* BookmarkViewController.swift */; };
		1B908A6824EA272000DD69DA /* ChatRoomMenuController.swift in Sources */ = {isa = PBXBuildFile; fileRef = 1B908A6724EA271F00DD69DA /* ChatRoomMenuController.swift */; };
		1B908A6A24EB8B3100DD69DA /* ChatroomMenuCell.swift in Sources */ = {isa = PBXBuildFile; fileRef = 1B908A6924EB8B3000DD69DA /* ChatroomMenuCell.swift */; };
		1BB7704524E649A7005022BC /* MomentViewController.swift in Sources */ = {isa = PBXBuildFile; fileRef = 1BB7704424E649A7005022BC /* MomentViewController.swift */; };
		1BF369BD24C69EF700C7AC12 /* AppDelegate.swift in Sources */ = {isa = PBXBuildFile; fileRef = 1BF369BC24C69EF700C7AC12 /* AppDelegate.swift */; };
		1BF369BF24C69EF700C7AC12 /* SceneDelegate.swift in Sources */ = {isa = PBXBuildFile; fileRef = 1BF369BE24C69EF700C7AC12 /* SceneDelegate.swift */; };
		1BF369C124C69EF700C7AC12 /* HomeController.swift in Sources */ = {isa = PBXBuildFile; fileRef = 1BF369C024C69EF700C7AC12 /* HomeController.swift */; };
		1BF369C624C69EFA00C7AC12 /* Assets.xcassets in Resources */ = {isa = PBXBuildFile; fileRef = 1BF369C524C69EFA00C7AC12 /* Assets.xcassets */; };
		1BF369C924C69EFA00C7AC12 /* LaunchScreen.storyboard in Resources */ = {isa = PBXBuildFile; fileRef = 1BF369C724C69EFA00C7AC12 /* LaunchScreen.storyboard */; };
/* End PBXBuildFile section */

/* Begin PBXFileReference section */
		1B0399F724D1052F0051A66B /* BaseViewController.swift */ = {isa = PBXFileReference; lastKnownFileType = sourcecode.swift; path = BaseViewController.swift; sourceTree = "<group>"; };
		1B0399FA24D107F60051A66B /* Extension.swift */ = {isa = PBXFileReference; lastKnownFileType = sourcecode.swift; path = Extension.swift; sourceTree = "<group>"; };
		1B0399FD24D8EFB40051A66B /* MenuHeaderView.swift */ = {isa = PBXFileReference; lastKnownFileType = sourcecode.swift; path = MenuHeaderView.swift; sourceTree = "<group>"; };
		1B0399FF24D8F6320051A66B /* SpacerView.swift */ = {isa = PBXFileReference; lastKnownFileType = sourcecode.swift; path = SpacerView.swift; sourceTree = "<group>"; };
		1B039A0124DA41000051A66B /* ProfileImageView.swift */ = {isa = PBXFileReference; lastKnownFileType = sourcecode.swift; path = ProfileImageView.swift; sourceTree = "<group>"; };
		1B425E5F24C7FA0000D9454D /* MenuViewController.swift */ = {isa = PBXFileReference; lastKnownFileType = sourcecode.swift; path = MenuViewController.swift; sourceTree = "<group>"; };
		1B51ACCC24E236A50009366F /* MenuItemCell.swift */ = {isa = PBXFileReference; lastKnownFileType = sourcecode.swift; path = MenuItemCell.swift; sourceTree = "<group>"; };
		1B66F41C24E3918E00393E1D /* ListViewController.swift */ = {isa = PBXFileReference; lastKnownFileType = sourcecode.swift; path = ListViewController.swift; sourceTree = "<group>"; };
		1B66F41E24E4CE7800393E1D /* BookmarkViewController.swift */ = {isa = PBXFileReference; lastKnownFileType = sourcecode.swift; path = BookmarkViewController.swift; sourceTree = "<group>"; };
		1B908A6724EA271F00DD69DA /* ChatRoomMenuController.swift */ = {isa = PBXFileReference; lastKnownFileType = sourcecode.swift; path = ChatRoomMenuController.swift; sourceTree = "<group>"; };
		1B908A6924EB8B3000DD69DA /* ChatroomMenuCell.swift */ = {isa = PBXFileReference; lastKnownFileType = sourcecode.swift; path = ChatroomMenuCell.swift; sourceTree = "<group>"; };
		1BB7704424E649A7005022BC /* MomentViewController.swift */ = {isa = PBXFileReference; lastKnownFileType = sourcecode.swift; path = MomentViewController.swift; sourceTree = "<group>"; };
		1BF369B924C69EF700C7AC12 /* SlideOutMenu.app */ = {isa = PBXFileReference; explicitFileType = wrapper.application; includeInIndex = 0; path = SlideOutMenu.app; sourceTree = BUILT_PRODUCTS_DIR; };
		1BF369BC24C69EF700C7AC12 /* AppDelegate.swift */ = {isa = PBXFileReference; lastKnownFileType = sourcecode.swift; path = AppDelegate.swift; sourceTree = "<group>"; };
		1BF369BE24C69EF700C7AC12 /* SceneDelegate.swift */ = {isa = PBXFileReference; lastKnownFileType = sourcecode.swift; path = SceneDelegate.swift; sourceTree = "<group>"; };
		1BF369C024C69EF700C7AC12 /* HomeController.swift */ = {isa = PBXFileReference; lastKnownFileType = sourcecode.swift; path = HomeController.swift; sourceTree = "<group>"; };
		1BF369C524C69EFA00C7AC12 /* Assets.xcassets */ = {isa = PBXFileReference; lastKnownFileType = folder.assetcatalog; path = Assets.xcassets; sourceTree = "<group>"; };
		1BF369C824C69EFA00C7AC12 /* Base */ = {isa = PBXFileReference; lastKnownFileType = file.storyboard; name = Base; path = Base.lproj/LaunchScreen.storyboard; sourceTree = "<group>"; };
		1BF369CA24C69EFA00C7AC12 /* Info.plist */ = {isa = PBXFileReference; lastKnownFileType = text.plist.xml; path = Info.plist; sourceTree = "<group>"; };
/* End PBXFileReference section */

/* Begin PBXFrameworksBuildPhase section */
		1BF369B624C69EF700C7AC12 /* Frameworks */ = {
			isa = PBXFrameworksBuildPhase;
			buildActionMask = 2147483647;
			files = (
			);
			runOnlyForDeploymentPostprocessing = 0;
		};
/* End PBXFrameworksBuildPhase section */

/* Begin PBXGroup section */
		1B0399F924D107E10051A66B /* Extensions */ = {
			isa = PBXGroup;
			children = (
				1B0399FA24D107F60051A66B /* Extension.swift */,
			);
			path = Extensions;
			sourceTree = "<group>";
		};
		1B0399FC24D8EF980051A66B /* View */ = {
			isa = PBXGroup;
			children = (
				1B0399FD24D8EFB40051A66B /* MenuHeaderView.swift */,
				1B0399FF24D8F6320051A66B /* SpacerView.swift */,
				1B039A0124DA41000051A66B /* ProfileImageView.swift */,
				1B51ACCC24E236A50009366F /* MenuItemCell.swift */,
				1B908A6924EB8B3000DD69DA /* ChatroomMenuCell.swift */,
			);
			path = View;
			sourceTree = "<group>";
		};
		1B425E6124C7FC1D00D9454D /* ViewController */ = {
			isa = PBXGroup;
			children = (
				1BB7704324E6496D005022BC /* Base */,
				1B425E5F24C7FA0000D9454D /* MenuViewController.swift */,
				1BF369C024C69EF700C7AC12 /* HomeController.swift */,
				1B66F41C24E3918E00393E1D /* ListViewController.swift */,
				1B66F41E24E4CE7800393E1D /* BookmarkViewController.swift */,
				1BB7704424E649A7005022BC /* MomentViewController.swift */,
				1B908A6724EA271F00DD69DA /* ChatRoomMenuController.swift */,
			);
			path = ViewController;
			sourceTree = "<group>";
		};
		1BB7704324E6496D005022BC /* Base */ = {
			isa = PBXGroup;
			children = (
				1B0399F724D1052F0051A66B /* BaseViewController.swift */,
			);
			path = Base;
			sourceTree = "<group>";
		};
		1BF369B024C69EF700C7AC12 = {
			isa = PBXGroup;
			children = (
				1BF369BB24C69EF700C7AC12 /* SlideOutMenu */,
				1BF369BA24C69EF700C7AC12 /* Products */,
			);
			sourceTree = "<group>";
		};
		1BF369BA24C69EF700C7AC12 /* Products */ = {
			isa = PBXGroup;
			children = (
				1BF369B924C69EF700C7AC12 /* SlideOutMenu.app */,
			);
			name = Products;
			sourceTree = "<group>";
		};
		1BF369BB24C69EF700C7AC12 /* SlideOutMenu */ = {
			isa = PBXGroup;
			children = (
				1B0399FC24D8EF980051A66B /* View */,
				1B0399F924D107E10051A66B /* Extensions */,
				1B425E6124C7FC1D00D9454D /* ViewController */,
				1BF369BC24C69EF700C7AC12 /* AppDelegate.swift */,
				1BF369BE24C69EF700C7AC12 /* SceneDelegate.swift */,
				1BF369C524C69EFA00C7AC12 /* Assets.xcassets */,
				1BF369C724C69EFA00C7AC12 /* LaunchScreen.storyboard */,
				1BF369CA24C69EFA00C7AC12 /* Info.plist */,
			);
			path = SlideOutMenu;
			sourceTree = "<group>";
		};
/* End PBXGroup section */

/* Begin PBXNativeTarget section */
		1BF369B824C69EF700C7AC12 /* SlideOutMenu */ = {
			isa = PBXNativeTarget;
			buildConfigurationList = 1BF369CD24C69EFA00C7AC12 /* Build configuration list for PBXNativeTarget "SlideOutMenu" */;
			buildPhases = (
				1BF369B524C69EF700C7AC12 /* Sources */,
				1BF369B624C69EF700C7AC12 /* Frameworks */,
				1BF369B724C69EF700C7AC12 /* Resources */,
			);
			buildRules = (
			);
			dependencies = (
			);
			name = SlideOutMenu;
			productName = SlideOutMenu;
			productReference = 1BF369B924C69EF700C7AC12 /* SlideOutMenu.app */;
			productType = "com.apple.product-type.application";
		};
/* End PBXNativeTarget section */

/* Begin PBXProject section */
		1BF369B124C69EF700C7AC12 /* Project object */ = {
			isa = PBXProject;
			attributes = {
				LastSwiftUpdateCheck = 1150;
				LastUpgradeCheck = 1150;
				ORGANIZATIONNAME = "Vinh Le";
				TargetAttributes = {
					1BF369B824C69EF700C7AC12 = {
						CreatedOnToolsVersion = 11.5;
					};
				};
			};
			buildConfigurationList = 1BF369B424C69EF700C7AC12 /* Build configuration list for PBXProject "SlideOutMenu" */;
			compatibilityVersion = "Xcode 9.3";
			developmentRegion = en;
			hasScannedForEncodings = 0;
			knownRegions = (
				en,
				Base,
			);
			mainGroup = 1BF369B024C69EF700C7AC12;
			productRefGroup = 1BF369BA24C69EF700C7AC12 /* Products */;
			projectDirPath = "";
			projectRoot = "";
			targets = (
				1BF369B824C69EF700C7AC12 /* SlideOutMenu */,
			);
		};
/* End PBXProject section */

/* Begin PBXResourcesBuildPhase section */
		1BF369B724C69EF700C7AC12 /* Resources */ = {
			isa = PBXResourcesBuildPhase;
			buildActionMask = 2147483647;
			files = (
				1BF369C924C69EFA00C7AC12 /* LaunchScreen.storyboard in Resources */,
				1BF369C624C69EFA00C7AC12 /* Assets.xcassets in Resources */,
			);
			runOnlyForDeploymentPostprocessing = 0;
		};
/* End PBXResourcesBuildPhase section */

/* Begin PBXSourcesBuildPhase section */
		1BF369B524C69EF700C7AC12 /* Sources */ = {
			isa = PBXSourcesBuildPhase;
			buildActionMask = 2147483647;
			files = (
				1B0399F824D1052F0051A66B /* BaseViewController.swift in Sources */,
				1BF369C124C69EF700C7AC12 /* HomeController.swift in Sources */,
				1BF369BD24C69EF700C7AC12 /* AppDelegate.swift in Sources */,
				1BB7704524E649A7005022BC /* MomentViewController.swift in Sources */,
				1B51ACCD24E236A50009366F /* MenuItemCell.swift in Sources */,
				1B66F41F24E4CE7800393E1D /* BookmarkViewController.swift in Sources */,
				1B0399FB24D107F60051A66B /* Extension.swift in Sources */,
				1B908A6824EA272000DD69DA /* ChatRoomMenuController.swift in Sources */,
				1B66F41D24E3918E00393E1D /* ListViewController.swift in Sources */,
				1B039A0024D8F6320051A66B /* SpacerView.swift in Sources */,
				1B0399FE24D8EFB50051A66B /* MenuHeaderView.swift in Sources */,
				1B039A0224DA41000051A66B /* ProfileImageView.swift in Sources */,
				1B908A6A24EB8B3100DD69DA /* ChatroomMenuCell.swift in Sources */,
				1BF369BF24C69EF700C7AC12 /* SceneDelegate.swift in Sources */,
				1B425E6024C7FA0000D9454D /* MenuViewController.swift in Sources */,
			);
			runOnlyForDeploymentPostprocessing = 0;
		};
/* End PBXSourcesBuildPhase section */

/* Begin PBXVariantGroup section */
		1BF369C724C69EFA00C7AC12 /* LaunchScreen.storyboard */ = {
			isa = PBXVariantGroup;
			children = (
				1BF369C824C69EFA00C7AC12 /* Base */,
			);
			name = LaunchScreen.storyboard;
			sourceTree = "<group>";
		};
/* End PBXVariantGroup section */

/* Begin XCBuildConfiguration section */
		1BF369CB24C69EFA00C7AC12 /* Debug */ = {
			isa = XCBuildConfiguration;
			buildSettings = {
				ALWAYS_SEARCH_USER_PATHS = NO;
				CLANG_ANALYZER_NONNULL = YES;
				CLANG_ANALYZER_NUMBER_OBJECT_CONVERSION = YES_AGGRESSIVE;
				CLANG_CXX_LANGUAGE_STANDARD = "gnu++14";
				CLANG_CXX_LIBRARY = "libc++";
				CLANG_ENABLE_MODULES = YES;
				CLANG_ENABLE_OBJC_ARC = YES;
				CLANG_ENABLE_OBJC_WEAK = YES;
				CLANG_WARN_BLOCK_CAPTURE_AUTORELEASING = YES;
				CLANG_WARN_BOOL_CONVERSION = YES;
				CLANG_WARN_COMMA = YES;
				CLANG_WARN_CONSTANT_CONVERSION = YES;
				CLANG_WARN_DEPRECATED_OBJC_IMPLEMENTATIONS = YES;
				CLANG_WARN_DIRECT_OBJC_ISA_USAGE = YES_ERROR;
				CLANG_WARN_DOCUMENTATION_COMMENTS = YES;
				CLANG_WARN_EMPTY_BODY = YES;
				CLANG_WARN_ENUM_CONVERSION = YES;
				CLANG_WARN_INFINITE_RECURSION = YES;
				CLANG_WARN_INT_CONVERSION = YES;
				CLANG_WARN_NON_LITERAL_NULL_CONVERSION = YES;
				CLANG_WARN_OBJC_IMPLICIT_RETAIN_SELF = YES;
				CLANG_WARN_OBJC_LITERAL_CONVERSION = YES;
				CLANG_WARN_OBJC_ROOT_CLASS = YES_ERROR;
				CLANG_WARN_RANGE_LOOP_ANALYSIS = YES;
				CLANG_WARN_STRICT_PROTOTYPES = YES;
				CLANG_WARN_SUSPICIOUS_MOVE = YES;
				CLANG_WARN_UNGUARDED_AVAILABILITY = YES_AGGRESSIVE;
				CLANG_WARN_UNREACHABLE_CODE = YES;
				CLANG_WARN__DUPLICATE_METHOD_MATCH = YES;
				COPY_PHASE_STRIP = NO;
				DEBUG_INFORMATION_FORMAT = dwarf;
				ENABLE_STRICT_OBJC_MSGSEND = YES;
				ENABLE_TESTABILITY = YES;
				GCC_C_LANGUAGE_STANDARD = gnu11;
				GCC_DYNAMIC_NO_PIC = NO;
				GCC_NO_COMMON_BLOCKS = YES;
				GCC_OPTIMIZATION_LEVEL = 0;
				GCC_PREPROCESSOR_DEFINITIONS = (
					"DEBUG=1",
					"$(inherited)",
				);
				GCC_WARN_64_TO_32_BIT_CONVERSION = YES;
				GCC_WARN_ABOUT_RETURN_TYPE = YES_ERROR;
				GCC_WARN_UNDECLARED_SELECTOR = YES;
				GCC_WARN_UNINITIALIZED_AUTOS = YES_AGGRESSIVE;
				GCC_WARN_UNUSED_FUNCTION = YES;
				GCC_WARN_UNUSED_VARIABLE = YES;
				IPHONEOS_DEPLOYMENT_TARGET = 13.5;
				MTL_ENABLE_DEBUG_INFO = INCLUDE_SOURCE;
				MTL_FAST_MATH = YES;
				ONLY_ACTIVE_ARCH = YES;
				SDKROOT = iphoneos;
				SWIFT_ACTIVE_COMPILATION_CONDITIONS = DEBUG;
				SWIFT_OPTIMIZATION_LEVEL = "-Onone";
			};
			name = Debug;
		};
		1BF369CC24C69EFA00C7AC12 /* Release */ = {
			isa = XCBuildConfiguration;
			buildSettings = {
				ALWAYS_SEARCH_USER_PATHS = NO;
				CLANG_ANALYZER_NONNULL = YES;
				CLANG_ANALYZER_NUMBER_OBJECT_CONVERSION = YES_AGGRESSIVE;
				CLANG_CXX_LANGUAGE_STANDARD = "gnu++14";
				CLANG_CXX_LIBRARY = "libc++";
				CLANG_ENABLE_MODULES = YES;
				CLANG_ENABLE_OBJC_ARC = YES;
				CLANG_ENABLE_OBJC_WEAK = YES;
				CLANG_WARN_BLOCK_CAPTURE_AUTORELEASING = YES;
				CLANG_WARN_BOOL_CONVERSION = YES;
				CLANG_WARN_COMMA = YES;
				CLANG_WARN_CONSTANT_CONVERSION = YES;
				CLANG_WARN_DEPRECATED_OBJC_IMPLEMENTATIONS = YES;
				CLANG_WARN_DIRECT_OBJC_ISA_USAGE = YES_ERROR;
				CLANG_WARN_DOCUMENTATION_COMMENTS = YES;
				CLANG_WARN_EMPTY_BODY = YES;
				CLANG_WARN_ENUM_CONVERSION = YES;
				CLANG_WARN_INFINITE_RECURSION = YES;
				CLANG_WARN_INT_CONVERSION = YES;
				CLANG_WARN_NON_LITERAL_NULL_CONVERSION = YES;
				CLANG_WARN_OBJC_IMPLICIT_RETAIN_SELF = YES;
				CLANG_WARN_OBJC_LITERAL_CONVERSION = YES;
				CLANG_WARN_OBJC_ROOT_CLASS = YES_ERROR;
				CLANG_WARN_RANGE_LOOP_ANALYSIS = YES;
				CLANG_WARN_STRICT_PROTOTYPES = YES;
				CLANG_WARN_SUSPICIOUS_MOVE = YES;
				CLANG_WARN_UNGUARDED_AVAILABILITY = YES_AGGRESSIVE;
				CLANG_WARN_UNREACHABLE_CODE = YES;
				CLANG_WARN__DUPLICATE_METHOD_MATCH = YES;
				COPY_PHASE_STRIP = NO;
				DEBUG_INFORMATION_FORMAT = "dwarf-with-dsym";
				ENABLE_NS_ASSERTIONS = NO;
				ENABLE_STRICT_OBJC_MSGSEND = YES;
				GCC_C_LANGUAGE_STANDARD = gnu11;
				GCC_NO_COMMON_BLOCKS = YES;
				GCC_WARN_64_TO_32_BIT_CONVERSION = YES;
				GCC_WARN_ABOUT_RETURN_TYPE = YES_ERROR;
				GCC_WARN_UNDECLARED_SELECTOR = YES;
				GCC_WARN_UNINITIALIZED_AUTOS = YES_AGGRESSIVE;
				GCC_WARN_UNUSED_FUNCTION = YES;
				GCC_WARN_UNUSED_VARIABLE = YES;
				IPHONEOS_DEPLOYMENT_TARGET = 13.5;
				MTL_ENABLE_DEBUG_INFO = NO;
				MTL_FAST_MATH = YES;
				SDKROOT = iphoneos;
				SWIFT_COMPILATION_MODE = wholemodule;
				SWIFT_OPTIMIZATION_LEVEL = "-O";
				VALIDATE_PRODUCT = YES;
			};
			name = Release;
		};
		1BF369CE24C69EFA00C7AC12 /* Debug */ = {
			isa = XCBuildConfiguration;
			buildSettings = {
				ASSETCATALOG_COMPILER_APPICON_NAME = AppIcon;
				CODE_SIGN_STYLE = Automatic;
				INFOPLIST_FILE = SlideOutMenu/Info.plist;
				LD_RUNPATH_SEARCH_PATHS = (
					"$(inherited)",
					"@executable_path/Frameworks",
				);
				PRODUCT_BUNDLE_IDENTIFIER = vinhle95.SlideOutMenu;
				PRODUCT_NAME = "$(TARGET_NAME)";
				SWIFT_VERSION = 5.0;
				TARGETED_DEVICE_FAMILY = "1,2";
			};
			name = Debug;
		};
		1BF369CF24C69EFA00C7AC12 /* Release */ = {
			isa = XCBuildConfiguration;
			buildSettings = {
				ASSETCATALOG_COMPILER_APPICON_NAME = AppIcon;
				CODE_SIGN_STYLE = Automatic;
				INFOPLIST_FILE = SlideOutMenu/Info.plist;
				LD_RUNPATH_SEARCH_PATHS = (
					"$(inherited)",
					"@executable_path/Frameworks",
				);
				PRODUCT_BUNDLE_IDENTIFIER = vinhle95.SlideOutMenu;
				PRODUCT_NAME = "$(TARGET_NAME)";
				SWIFT_VERSION = 5.0;
				TARGETED_DEVICE_FAMILY = "1,2";
			};
			name = Release;
		};
/* End XCBuildConfiguration section */

/* Begin XCConfigurationList section */
		1BF369B424C69EF700C7AC12 /* Build configuration list for PBXProject "SlideOutMenu" */ = {
			isa = XCConfigurationList;
			buildConfigurations = (
				1BF369CB24C69EFA00C7AC12 /* Debug */,
				1BF369CC24C69EFA00C7AC12 /* Release */,
			);
			defaultConfigurationIsVisible = 0;
			defaultConfigurationName = Release;
		};
		1BF369CD24C69EFA00C7AC12 /* Build configuration list for PBXNativeTarget "SlideOutMenu" */ = {
			isa = XCConfigurationList;
			buildConfigurations = (
				1BF369CE24C69EFA00C7AC12 /* Debug */,
				1BF369CF24C69EFA00C7AC12 /* Release */,
			);
			defaultConfigurationIsVisible = 0;
			defaultConfigurationName = Release;
		};
/* End XCConfigurationList section */
	};
	rootObject = 1BF369B124C69EF700C7AC12 /* Project object */;
}
